
Microsoft Visual Studio Solution File, Format Version 12.00
# Visual Studio Version 17
VisualStudioVersion = 17.6.33712.159
MinimumVisualStudioVersion = 10.0.40219.1
Project("{FAE04EC0-301F-11D3-BF4B-00C04F79EFBC}") = "OnlineCalculator", "OnlineCalculator\OnlineCalculator.csproj", "{4CD26D6D-8FBE-488E-A28E-53DC097B47B9}"
EndProject
Global
	GlobalSection(SolutionConfigurationPlatforms) = preSolution
		Debug|Any CPU = Debug|Any CPU
		Release|Any CPU = Release|Any CPU
	EndGlobalSection
	GlobalSection(ProjectConfigurationPlatforms) = postSolution
		{4CD26D6D-8FBE-488E-A28E-53DC097B47B9}.Debug|Any CPU.ActiveCfg = Debug|Any CPU
		{4CD26D6D-8FBE-488E-A28E-53DC097B47B9}.Debug|Any CPU.Build.0 = Debug|Any CPU
		{4CD26D6D-8FBE-488E-A28E-53DC097B47B9}.Release|Any CPU.ActiveCfg = Release|Any CPU
		{4CD26D6D-8FBE-488E-A28E-53DC097B47B9}.Release|Any CPU.Build.0 = Release|Any CPU
	EndGlobalSection
	GlobalSection(SolutionProperties) = preSolution
		HideSolutionNode = FALSE
	EndGlobalSection
	GlobalSection(ExtensibilityGlobals) = postSolution
		SolutionGuid = {ACF5061F-262E-429F-A5F5-F2907BEBB4AB}
	EndGlobalSection
EndGlobal
